// !$*UTF8*$!
{
	archiveVersion = 1;
	classes = {
	};
	objectVersion = 46;
	objects = {

/* Begin PBXBuildFile section */
		6BCAF841193F79B5006A4078 /* AppDelegate.swift in Sources */ = {isa = PBXBuildFile; fileRef = 6BCAF840193F79B5006A4078 /* AppDelegate.swift */; };
		6BCAF843193F79B5006A4078 /* ViewController.swift in Sources */ = {isa = PBXBuildFile; fileRef = 6BCAF842193F79B5006A4078 /* ViewController.swift */; };
		6BCAF848193F79B5006A4078 /* Images.xcassets in Resources */ = {isa = PBXBuildFile; fileRef = 6BCAF847193F79B5006A4078 /* Images.xcassets */; };
		6BCAF854193F79B5006A4078 /* SwiftFanspageTests.swift in Sources */ = {isa = PBXBuildFile; fileRef = 6BCAF853193F79B5006A4078 /* SwiftFanspageTests.swift */; };
		6BCAF860193F79F2006A4078 /* facebook.txt in Resources */ = {isa = PBXBuildFile; fileRef = 6BCAF85D193F79F2006A4078 /* facebook.txt */; };
		6BCAF861193F79F2006A4078 /* FanspageCell.swift in Sources */ = {isa = PBXBuildFile; fileRef = 6BCAF85E193F79F2006A4078 /* FanspageCell.swift */; };
		6BCAF862193F79F2006A4078 /* WebImageOperations.swift in Sources */ = {isa = PBXBuildFile; fileRef = 6BCAF85F193F79F2006A4078 /* WebImageOperations.swift */; };
		6BCAF864193F7A46006A4078 /* Main.storyboard in Resources */ = {isa = PBXBuildFile; fileRef = 6BCAF863193F7A46006A4078 /* Main.storyboard */; };
		6BCAF866193F8DB5006A4078 /* API.swift in Sources */ = {isa = PBXBuildFile; fileRef = 6BCAF865193F8DB5006A4078 /* API.swift */; };
/* End PBXBuildFile section */

/* Begin PBXContainerItemProxy section */
		6BCAF84E193F79B5006A4078 /* PBXContainerItemProxy */ = {
			isa = PBXContainerItemProxy;
			containerPortal = 6BCAF833193F79B5006A4078 /* Project object */;
			proxyType = 1;
			remoteGlobalIDString = 6BCAF83A193F79B5006A4078;
			remoteInfo = SwiftFanspage;
		};
/* End PBXContainerItemProxy section */

/* Begin PBXFileReference section */
		6BCAF83B193F79B5006A4078 /* SwiftFanspage.app */ = {isa = PBXFileReference; explicitFileType = wrapper.application; includeInIndex = 0; path = SwiftFanspage.app; sourceTree = BUILT_PRODUCTS_DIR; };
		6BCAF83F193F79B5006A4078 /* Info.plist */ = {isa = PBXFileReference; lastKnownFileType = text.plist.xml; path = Info.plist; sourceTree = "<group>"; };
		6BCAF840193F79B5006A4078 /* AppDelegate.swift */ = {isa = PBXFileReference; lastKnownFileType = sourcecode.swift; path = AppDelegate.swift; sourceTree = "<group>"; };
		6BCAF842193F79B5006A4078 /* ViewController.swift */ = {isa = PBXFileReference; lastKnownFileType = sourcecode.swift; path = ViewController.swift; sourceTree = "<group>"; };
		6BCAF847193F79B5006A4078 /* Images.xcassets */ = {isa = PBXFileReference; lastKnownFileType = folder.assetcatalog; path = Images.xcassets; sourceTree = "<group>"; };
		6BCAF84D193F79B5006A4078 /* SwiftFanspageTests.xctest */ = {isa = PBXFileReference; explicitFileType = wrapper.cfbundle; includeInIndex = 0; path = SwiftFanspageTests.xctest; sourceTree = BUILT_PRODUCTS_DIR; };
		6BCAF852193F79B5006A4078 /* Info.plist */ = {isa = PBXFileReference; lastKnownFileType = text.plist.xml; path = Info.plist; sourceTree = "<group>"; };
		6BCAF853193F79B5006A4078 /* SwiftFanspageTests.swift */ = {isa = PBXFileReference; lastKnownFileType = sourcecode.swift; path = SwiftFanspageTests.swift; sourceTree = "<group>"; };
		6BCAF85D193F79F2006A4078 /* facebook.txt */ = {isa = PBXFileReference; fileEncoding = 4; lastKnownFileType = text; path = facebook.txt; sourceTree = "<group>"; };
		6BCAF85E193F79F2006A4078 /* FanspageCell.swift */ = {isa = PBXFileReference; fileEncoding = 4; lastKnownFileType = sourcecode.swift; path = FanspageCell.swift; sourceTree = "<group>"; };
		6BCAF85F193F79F2006A4078 /* WebImageOperations.swift */ = {isa = PBXFileReference; fileEncoding = 4; lastKnownFileType = sourcecode.swift; path = WebImageOperations.swift; sourceTree = "<group>"; };
		6BCAF863193F7A46006A4078 /* Main.storyboard */ = {isa = PBXFileReference; fileEncoding = 4; lastKnownFileType = file.storyboard; path = Main.storyboard; sourceTree = "<group>"; };
		6BCAF865193F8DB5006A4078 /* API.swift */ = {isa = PBXFileReference; fileEncoding = 4; lastKnownFileType = sourcecode.swift; path = API.swift; sourceTree = "<group>"; };
/* End PBXFileReference section */

/* Begin PBXFrameworksBuildPhase section */
		6BCAF838193F79B5006A4078 /* Frameworks */ = {
			isa = PBXFrameworksBuildPhase;
			buildActionMask = 2147483647;
			files = (
			);
			runOnlyForDeploymentPostprocessing = 0;
		};
		6BCAF84A193F79B5006A4078 /* Frameworks */ = {
			isa = PBXFrameworksBuildPhase;
			buildActionMask = 2147483647;
			files = (
			);
			runOnlyForDeploymentPostprocessing = 0;
		};
/* End PBXFrameworksBuildPhase section */

/* Begin PBXGroup section */
		6BCAF832193F79B5006A4078 = {
			isa = PBXGroup;
			children = (
				6BCAF83D193F79B5006A4078 /* SwiftFanspage */,
				6BCAF850193F79B5006A4078 /* SwiftFanspageTests */,
				6BCAF83C193F79B5006A4078 /* Products */,
			);
			sourceTree = "<group>";
		};
		6BCAF83C193F79B5006A4078 /* Products */ = {
			isa = PBXGroup;
			children = (
				6BCAF83B193F79B5006A4078 /* SwiftFanspage.app */,
				6BCAF84D193F79B5006A4078 /* SwiftFanspageTests.xctest */,
			);
			name = Products;
			sourceTree = "<group>";
		};
		6BCAF83D193F79B5006A4078 /* SwiftFanspage */ = {
			isa = PBXGroup;
			children = (
				6BCAF840193F79B5006A4078 /* AppDelegate.swift */,
				6BCAF842193F79B5006A4078 /* ViewController.swift */,
				6BCAF863193F7A46006A4078 /* Main.storyboard */,
				6BCAF85E193F79F2006A4078 /* FanspageCell.swift */,
				6BCAF85F193F79F2006A4078 /* WebImageOperations.swift */,
				6BCAF865193F8DB5006A4078 /* API.swift */,
				6BCAF85D193F79F2006A4078 /* facebook.txt */,
				6BCAF847193F79B5006A4078 /* Images.xcassets */,
				6BCAF83E193F79B5006A4078 /* Supporting Files */,
			);
			path = SwiftFanspage;
			sourceTree = "<group>";
		};
		6BCAF83E193F79B5006A4078 /* Supporting Files */ = {
			isa = PBXGroup;
			children = (
				6BCAF83F193F79B5006A4078 /* Info.plist */,
			);
			name = "Supporting Files";
			sourceTree = "<group>";
		};
		6BCAF850193F79B5006A4078 /* SwiftFanspageTests */ = {
			isa = PBXGroup;
			children = (
				6BCAF853193F79B5006A4078 /* SwiftFanspageTests.swift */,
				6BCAF851193F79B5006A4078 /* Supporting Files */,
			);
			path = SwiftFanspageTests;
			sourceTree = "<group>";
		};
		6BCAF851193F79B5006A4078 /* Supporting Files */ = {
			isa = PBXGroup;
			children = (
				6BCAF852193F79B5006A4078 /* Info.plist */,
			);
			name = "Supporting Files";
			sourceTree = "<group>";
		};
/* End PBXGroup section */

/* Begin PBXNativeTarget section */
		6BCAF83A193F79B5006A4078 /* SwiftFanspage */ = {
			isa = PBXNativeTarget;
			buildConfigurationList = 6BCAF857193F79B5006A4078 /* Build configuration list for PBXNativeTarget "SwiftFanspage" */;
			buildPhases = (
				6BCAF837193F79B5006A4078 /* Sources */,
				6BCAF838193F79B5006A4078 /* Frameworks */,
				6BCAF839193F79B5006A4078 /* Resources */,
			);
			buildRules = (
			);
			dependencies = (
			);
			name = SwiftFanspage;
			productName = SwiftFanspage;
			productReference = 6BCAF83B193F79B5006A4078 /* SwiftFanspage.app */;
			productType = "com.apple.product-type.application";
		};
		6BCAF84C193F79B5006A4078 /* SwiftFanspageTests */ = {
			isa = PBXNativeTarget;
			buildConfigurationList = 6BCAF85A193F79B5006A4078 /* Build configuration list for PBXNativeTarget "SwiftFanspageTests" */;
			buildPhases = (
				6BCAF849193F79B5006A4078 /* Sources */,
				6BCAF84A193F79B5006A4078 /* Frameworks */,
				6BCAF84B193F79B5006A4078 /* Resources */,
			);
			buildRules = (
			);
			dependencies = (
				6BCAF84F193F79B5006A4078 /* PBXTargetDependency */,
			);
			name = SwiftFanspageTests;
			productName = SwiftFanspageTests;
			productReference = 6BCAF84D193F79B5006A4078 /* SwiftFanspageTests.xctest */;
			productType = "com.apple.product-type.bundle.unit-test";
		};
/* End PBXNativeTarget section */

/* Begin PBXProject section */
		6BCAF833193F79B5006A4078 /* Project object */ = {
			isa = PBXProject;
			attributes = {
				LastUpgradeCheck = 0600;
				ORGANIZATIONNAME = oney;
				TargetAttributes = {
					6BCAF83A193F79B5006A4078 = {
						CreatedOnToolsVersion = 6.0;
					};
					6BCAF84C193F79B5006A4078 = {
						CreatedOnToolsVersion = 6.0;
						TestTargetID = 6BCAF83A193F79B5006A4078;
					};
				};
			};
			buildConfigurationList = 6BCAF836193F79B5006A4078 /* Build configuration list for PBXProject "SwiftFanspage" */;
			compatibilityVersion = "Xcode 3.2";
			developmentRegion = English;
			hasScannedForEncodings = 0;
			knownRegions = (
				en,
				Base,
			);
			mainGroup = 6BCAF832193F79B5006A4078;
			productRefGroup = 6BCAF83C193F79B5006A4078 /* Products */;
			projectDirPath = "";
			projectRoot = "";
			targets = (
				6BCAF83A193F79B5006A4078 /* SwiftFanspage */,
				6BCAF84C193F79B5006A4078 /* SwiftFanspageTests */,
			);
		};
/* End PBXProject section */

/* Begin PBXResourcesBuildPhase section */
		6BCAF839193F79B5006A4078 /* Resources */ = {
			isa = PBXResourcesBuildPhase;
			buildActionMask = 2147483647;
			files = (
				6BCAF864193F7A46006A4078 /* Main.storyboard in Resources */,
				6BCAF860193F79F2006A4078 /* facebook.txt in Resources */,
				6BCAF848193F79B5006A4078 /* Images.xcassets in Resources */,
			);
			runOnlyForDeploymentPostprocessing = 0;
		};
		6BCAF84B193F79B5006A4078 /* Resources */ = {
			isa = PBXResourcesBuildPhase;
			buildActionMask = 2147483647;
			files = (
			);
			runOnlyForDeploymentPostprocessing = 0;
		};
/* End PBXResourcesBuildPhase section */

/* Begin PBXSourcesBuildPhase section */
		6BCAF837193F79B5006A4078 /* Sources */ = {
			isa = PBXSourcesBuildPhase;
			buildActionMask = 2147483647;
			files = (
				6BCAF862193F79F2006A4078 /* WebImageOperations.swift in Sources */,
				6BCAF861193F79F2006A4078 /* FanspageCell.swift in Sources */,
				6BCAF843193F79B5006A4078 /* ViewController.swift in Sources */,
				6BCAF841193F79B5006A4078 /* AppDelegate.swift in Sources */,
				6BCAF866193F8DB5006A4078 /* API.swift in Sources */,
			);
			runOnlyForDeploymentPostprocessing = 0;
		};
		6BCAF849193F79B5006A4078 /* Sources */ = {
			isa = PBXSourcesBuildPhase;
			buildActionMask = 2147483647;
			files = (
				6BCAF854193F79B5006A4078 /* SwiftFanspageTests.swift in Sources */,
			);
			runOnlyForDeploymentPostprocessing = 0;
		};
/* End PBXSourcesBuildPhase section */

/* Begin PBXTargetDependency section */
		6BCAF84F193F79B5006A4078 /* PBXTargetDependency */ = {
			isa = PBXTargetDependency;
			target = 6BCAF83A193F79B5006A4078 /* SwiftFanspage */;
			targetProxy = 6BCAF84E193F79B5006A4078 /* PBXContainerItemProxy */;
		};
/* End PBXTargetDependency section */

/* Begin XCBuildConfiguration section */
		6BCAF855193F79B5006A4078 /* Debug */ = {
			isa = XCBuildConfiguration;
			buildSettings = {
				ALWAYS_SEARCH_USER_PATHS = NO;
				CLANG_CXX_LANGUAGE_STANDARD = "gnu++0x";
				CLANG_CXX_LIBRARY = "libc++";
				CLANG_ENABLE_MODULES = YES;
				CLANG_ENABLE_OBJC_ARC = YES;
				CLANG_WARN_BOOL_CONVERSION = YES;
				CLANG_WARN_CONSTANT_CONVERSION = YES;
				CLANG_WARN_DIRECT_OBJC_ISA_USAGE = YES_ERROR;
				CLANG_WARN_EMPTY_BODY = YES;
				CLANG_WARN_ENUM_CONVERSION = YES;
				CLANG_WARN_INT_CONVERSION = YES;
				CLANG_WARN_OBJC_ROOT_CLASS = YES_ERROR;
				CLANG_WARN_UNREACHABLE_CODE = YES;
				CLANG_WARN__DUPLICATE_METHOD_MATCH = YES;
				"CODE_SIGN_IDENTITY[sdk=iphoneos*]" = "iPhone Developer";
				COPY_PHASE_STRIP = NO;
				ENABLE_STRICT_OBJC_MSGSEND = YES;
				GCC_C_LANGUAGE_STANDARD = gnu99;
				GCC_DYNAMIC_NO_PIC = NO;
				GCC_OPTIMIZATION_LEVEL = 0;
				GCC_PREPROCESSOR_DEFINITIONS = (
					"DEBUG=1",
					"$(inherited)",
				);
				GCC_SYMBOLS_PRIVATE_EXTERN = NO;
				GCC_WARN_64_TO_32_BIT_CONVERSION = YES;
				GCC_WARN_ABOUT_RETURN_TYPE = YES_ERROR;
				GCC_WARN_UNDECLARED_SELECTOR = YES;
				GCC_WARN_UNINITIALIZED_AUTOS = YES_AGGRESSIVE;
				GCC_WARN_UNUSED_FUNCTION = YES;
				GCC_WARN_UNUSED_VARIABLE = YES;
				IPHONEOS_DEPLOYMENT_TARGET = 8.0;
				METAL_ENABLE_DEBUG_INFO = YES;
				ONLY_ACTIVE_ARCH = YES;
				SDKROOT = iphoneos;
				SWIFT_OPTIMIZATION_LEVEL = "-Onone";
			};
			name = Debug;
		};
		6BCAF856193F79B5006A4078 /* Release */ = {
			isa = XCBuildConfiguration;
			buildSettings = {
				ALWAYS_SEARCH_USER_PATHS = NO;
				CLANG_CXX_LANGUAGE_STANDARD = "gnu++0x";
				CLANG_CXX_LIBRARY = "libc++";
				CLANG_ENABLE_MODULES = YES;
				CLANG_ENABLE_OBJC_ARC = YES;
				CLANG_WARN_BOOL_CONVERSION = YES;
				CLANG_WARN_CONSTANT_CONVERSION = YES;
				CLANG_WARN_DIRECT_OBJC_ISA_USAGE = YES_ERROR;
				CLANG_WARN_EMPTY_BODY = YES;
				CLANG_WARN_ENUM_CONVERSION = YES;
				CLANG_WARN_INT_CONVERSION = YES;
				CLANG_WARN_OBJC_ROOT_CLASS = YES_ERROR;
				CLANG_WARN_UNREACHABLE_CODE = YES;
				CLANG_WARN__DUPLICATE_METHOD_MATCH = YES;
				"CODE_SIGN_IDENTITY[sdk=iphoneos*]" = "iPhone Developer";
				COPY_PHASE_STRIP = YES;
				ENABLE_NS_ASSERTIONS = NO;
				ENABLE_STRICT_OBJC_MSGSEND = YES;
				GCC_C_LANGUAGE_STANDARD = gnu99;
				GCC_WARN_64_TO_32_BIT_CONVERSION = YES;
				GCC_WARN_ABOUT_RETURN_TYPE = YES_ERROR;
				GCC_WARN_UNDECLARED_SELECTOR = YES;
				GCC_WARN_UNINITIALIZED_AUTOS = YES_AGGRESSIVE;
				GCC_WARN_UNUSED_FUNCTION = YES;
				GCC_WARN_UNUSED_VARIABLE = YES;
				IPHONEOS_DEPLOYMENT_TARGET = 8.0;
				METAL_ENABLE_DEBUG_INFO = NO;
				SDKROOT = iphoneos;
				VALIDATE_PRODUCT = YES;
			};
			name = Release;
		};
		6BCAF858193F79B5006A4078 /* Debug */ = {
			isa = XCBuildConfiguration;
			buildSettings = {
				ASSETCATALOG_COMPILER_APPICON_NAME = AppIcon;
				ASSETCATALOG_COMPILER_LAUNCHIMAGE_NAME = LaunchImage;
				INFOPLIST_FILE = SwiftFanspage/Info.plist;
				LD_RUNPATH_SEARCH_PATHS = "$(inherited) @executable_path/Frameworks";
				PRODUCT_NAME = "$(TARGET_NAME)";
			};
			name = Debug;
		};
		6BCAF859193F79B5006A4078 /* Release */ = {
			isa = XCBuildConfiguration;
			buildSettings = {
				ASSETCATALOG_COMPILER_APPICON_NAME = AppIcon;
				ASSETCATALOG_COMPILER_LAUNCHIMAGE_NAME = LaunchImage;
				INFOPLIST_FILE = SwiftFanspage/Info.plist;
				LD_RUNPATH_SEARCH_PATHS = "$(inherited) @executable_path/Frameworks";
				PRODUCT_NAME = "$(TARGET_NAME)";
			};
			name = Release;
		};
		6BCAF85B193F79B5006A4078 /* Debug */ = {
			isa = XCBuildConfiguration;
			buildSettings = {
				BUNDLE_LOADER = "$(BUILT_PRODUCTS_DIR)/SwiftFanspage.app/SwiftFanspage";
				FRAMEWORK_SEARCH_PATHS = (
					"$(SDKROOT)/Developer/Library/Frameworks",
					"$(inherited)",
				);
				GCC_PREPROCESSOR_DEFINITIONS = (
					"DEBUG=1",
					"$(inherited)",
				);
				INFOPLIST_FILE = SwiftFanspageTests/Info.plist;
				LD_RUNPATH_SEARCH_PATHS = "$(inherited) @executable_path/Frameworks @loader_path/Frameworks";
				METAL_ENABLE_DEBUG_INFO = YES;
				PRODUCT_NAME = "$(TARGET_NAME)";
				TEST_HOST = "$(BUNDLE_LOADER)";
			};
			name = Debug;
		};
		6BCAF85C193F79B5006A4078 /* Release */ = {
			isa = XCBuildConfiguration;
			buildSettings = {
				BUNDLE_LOADER = "$(BUILT_PRODUCTS_DIR)/SwiftFanspage.app/SwiftFanspage";
				FRAMEWORK_SEARCH_PATHS = (
					"$(SDKROOT)/Developer/Library/Frameworks",
					"$(inherited)",
				);
				INFOPLIST_FILE = SwiftFanspageTests/Info.plist;
				LD_RUNPATH_SEARCH_PATHS = "$(inherited) @executable_path/Frameworks @loader_path/Frameworks";
				METAL_ENABLE_DEBUG_INFO = NO;
				PRODUCT_NAME = "$(TARGET_NAME)";
				TEST_HOST = "$(BUNDLE_LOADER)";
			};
			name = Release;
		};
/* End XCBuildConfiguration section */

/* Begin XCConfigurationList section */
		6BCAF836193F79B5006A4078 /* Build configuration list for PBXProject "SwiftFanspage" */ = {
			isa = XCConfigurationList;
			buildConfigurations = (
				6BCAF855193F79B5006A4078 /* Debug */,
				6BCAF856193F79B5006A4078 /* Release */,
			);
			defaultConfigurationIsVisible = 0;
			defaultConfigurationName = Release;
		};
		6BCAF857193F79B5006A4078 /* Build configuration list for PBXNativeTarget "SwiftFanspage" */ = {
			isa = XCConfigurationList;
			buildConfigurations = (
				6BCAF858193F79B5006A4078 /* Debug */,
				6BCAF859193F79B5006A4078 /* Release */,
			);
			defaultConfigurationIsVisible = 0;
			defaultConfigurationName = Release;
		};
		6BCAF85A193F79B5006A4078 /* Build configuration list for PBXNativeTarget "SwiftFanspageTests" */ = {
			isa = XCConfigurationList;
			buildConfigurations = (
				6BCAF85B193F79B5006A4078 /* Debug */,
				6BCAF85C193F79B5006A4078 /* Release */,
			);
			defaultConfigurationIsVisible = 0;
			defaultConfigurationName = Release;
		};
/* End XCConfigurationList section */
	};
	rootObject = 6BCAF833193F79B5006A4078 /* Project object */;
}
